{
  "name": "revogrid-stencil-component-starter",
  "version": "0.0.1",
  "lockfileVersion": 3,
  "requires": true,
  "packages": {
    "": {
      "name": "revogrid-stencil-component-starter",
      "version": "0.0.1",
      "license": "MIT",
      "dependencies": {
        "@revolist/revogrid": "^4.9.0",
        "@stencil/store": "^2.0.16",
        "@types/lodash": "^4.17.7",
        "lodash": "^4.17.21"
      },
      "devDependencies": {
        "@stencil/core": "^4.20.0"
      }
    },
    "node_modules/@revolist/revogrid": {
      "version": "4.9.0",
      "resolved": "https://registry.npmjs.org/@revolist/revogrid/-/revogrid-4.9.0.tgz",
      "integrity": "sha512-fI1lKjoP8P1yPxMU/p1pMQGxVI0FBizgzBDnh8b6v5f0kPrAG6FHrWFcN9f9wtOYC7eTC+Fvf4cnC9mXbQ0yig=="
    },
    "node_modules/@stencil/core": {
      "version": "4.20.0",
      "resolved": "https://registry.npmjs.org/@stencil/core/-/core-4.20.0.tgz",
      "integrity": "sha512-WPrTHFngvN081RY+dJPneKQLwnOFD60OMCOQGmmSHfCW0f4ujPMzzhwWU1gcSwXPWXz5O+8cBiiCaxAbJU7kAg==",
      "license": "MIT",
      "bin": {
        "stencil": "bin/stencil"
      },
      "engines": {
        "node": ">=16.0.0",
        "npm": ">=7.10.0"
      }
    },
    "node_modules/@stencil/store": {
      "version": "2.0.16",
      "resolved": "https://registry.npmjs.org/@stencil/store/-/store-2.0.16.tgz",
      "integrity": "sha512-ET3EByKlmNyTA8O+tcp5YWePOiVnPIiuoiIaxTrf3zFFVo7JWVsVoak9IE0UTn3MkIM0ubR9lgxvi70uN588/A==",
      "license": "MIT",
      "engines": {
        "node": ">=12.0.0",
        "npm": ">=6.0.0"
      },
      "peerDependencies": {
        "@stencil/core": ">=2.0.0 || >=3.0.0 || >= 4.0.0-beta.0 || >= 4.0.0"
      }
    },
    "node_modules/@types/lodash": {
      "version": "4.17.7",
      "resolved": "https://registry.npmjs.org/@types/lodash/-/lodash-4.17.7.tgz",
      "integrity": "sha512-8wTvZawATi/lsmNu10/j2hk1KEP0IvjubqPE3cu1Xz7xfXXt5oCq3SNUz4fMIP4XGF9Ky+Ue2tBA3hcS7LSBlA==",
      "license": "MIT"
    },
    "node_modules/lodash": {
      "version": "4.17.21",
      "resolved": "https://registry.npmjs.org/lodash/-/lodash-4.17.21.tgz",
      "integrity": "sha512-v2kDEe57lecTulaDIuNTPy3Ry4gLGJ6Z1O3vE1krgXZNrsQ+LFTGHVxVjcXPs17LhbZVGedAJv8XZ1tvj5FvSg==",
      "license": "MIT"
    }
  }
}
